
Microsoft Visual Studio Solution File, Format Version 10.00
# Visual Studio 2008
Project("{8BC9CEB8-8B4A-11D0-8D11-00A0C91BC942}") = "Keep", "Keep\Keep.vcproj", "{102514F6-D989-48E6-B129-8FD1CC0AD656}"
EndProject
Project("{8BC9CEB8-8B4A-11D0-8D11-00A0C91BC942}") = "Kill", "Kill\Kill.vcproj", "{1D4CF877-BE19-4D3F-AB1E-3B85B1FD1270}"
EndProject
Global
	GlobalSection(SolutionConfigurationPlatforms) = preSolution
		Debug|Win32 = Debug|Win32
		Release|Win32 = Release|Win32
	EndGlobalSection
	GlobalSection(ProjectConfigurationPlatforms) = postSolution
		{102514F6-D989-48E6-B129-8FD1CC0AD656}.Debug|Win32.ActiveCfg = Debug|Win32
		{102514F6-D989-48E6-B129-8FD1CC0AD656}.Debug|Win32.Build.0 = Debug|Win32
		{102514F6-D989-48E6-B129-8FD1CC0AD656}.Release|Win32.ActiveCfg = Release|Win32
		{102514F6-D989-48E6-B129-8FD1CC0AD656}.Release|Win32.Build.0 = Release|Win32
		{1D4CF877-BE19-4D3F-AB1E-3B85B1FD1270}.Debug|Win32.ActiveCfg = Debug|Win32
		{1D4CF877-BE19-4D3F-AB1E-3B85B1FD1270}.Debug|Win32.Build.0 = Debug|Win32
		{1D4CF877-BE19-4D3F-AB1E-3B85B1FD1270}.Release|Win32.ActiveCfg = Release|Win32
		{1D4CF877-BE19-4D3F-AB1E-3B85B1FD1270}.Release|Win32.Build.0 = Release|Win32
	EndGlobalSection
	GlobalSection(SolutionProperties) = preSolution
		HideSolutionNode = FALSE
	EndGlobalSection
EndGlobal
